# This file is automatically @generated by Cargo.
# It is not intended for manual editing.
version = 4

[[package]]
name = "app"
version = "0.1.0"
dependencies = [
 "itoa",
]

[[package]]
name = "itoa"
version = "1.0.17"
source = "sparse+https://index.crates.io/"
checksum = "b2e38e74bb7fb0209bd17fff533a2b1f4cb57c72e6ecc5e2562090d3a1074938"
