# This file is automatically @generated by Cargo.
# It is not intended for manual editing.
version = 4

[[package]]
name = "app"
version = "0.1.0"
dependencies = [
 "itoa",
]

[[package]]
name = "itoa"
version = "1.0.14"
source = "git+https://github.com/dtolnay/itoa?tag=1.0.14#7e6b2580b1ac3ad7d6f25887af01a09686c0ea5c"
