# This file is automatically @generated by Cargo.
# It is not intended for manual editing.
version = 4

[[package]]
name = "build-helper"
version = "0.1.0"

[[package]]
name = "inactive-build-repro"
version = "0.1.0"
dependencies = [
 "optional-crate",
]

[[package]]
name = "optional-crate"
version = "0.1.0"
dependencies = [
 "build-helper",
]
