# This file is automatically @generated by Cargo.
# It is not intended for manual editing.
version = 4

[[package]]
name = "build-exec-feature-split"
version = "0.1.0"
dependencies = [
 "feature-split-consumer",
]

[[package]]
name = "feature-split-consumer"
version = "0.1.0"
dependencies = [
 "feature-split-shared",
]

[[package]]
name = "feature-split-shared"
version = "0.1.0"
