# This file is automatically @generated by Cargo.
# It is not intended for manual editing.
version = 4

[[package]]
name = "binary-only"
version = "0.1.0"

[[package]]
name = "build-dependency"
version = "0.1.0"

[[package]]
name = "dev-dependency"
version = "0.1.0"

[[package]]
name = "normal-dependency"
version = "0.1.0"

[[package]]
name = "rust-crate-example"
version = "0.1.0"
dependencies = [
 "build-dependency",
 "dev-dependency",
 "normal-dependency",
]
